
Microsoft Visual Studio Solution File, Format Version 12.00
# Visual Studio Version 16
VisualStudioVersion = 16.0.31005.135
MinimumVisualStudioVersion = 10.0.40219.1
Project("{FAE04EC0-301F-11D3-BF4B-00C04F79EFBC}") = "MediaControllerUI", "MediaControllerUI.csproj", "{D977F80B-6297-4282-82BB-5595BF93A76F}"
EndProject
Project("{FAE04EC0-301F-11D3-BF4B-00C04F79EFBC}") = "WindowsMediaController", "..\WindowsMediaController\WindowsMediaController\WindowsMediaController.csproj", "{C719D9AD-7724-47B7-90B7-20EF3C8EB6B5}"
EndProject
Global
	GlobalSection(SolutionConfigurationPlatforms) = preSolution
		Debug|Any CPU = Debug|Any CPU
		Release|Any CPU = Release|Any CPU
	EndGlobalSection
	GlobalSection(ProjectConfigurationPlatforms) = postSolution
		{D977F80B-6297-4282-82BB-5595BF93A76F}.Debug|Any CPU.ActiveCfg = Debug|Any CPU
		{D977F80B-6297-4282-82BB-5595BF93A76F}.Debug|Any CPU.Build.0 = Debug|Any CPU
		{D977F80B-6297-4282-82BB-5595BF93A76F}.Release|Any CPU.ActiveCfg = Release|Any CPU
		{D977F80B-6297-4282-82BB-5595BF93A76F}.Release|Any CPU.Build.0 = Release|Any CPU
		{C719D9AD-7724-47B7-90B7-20EF3C8EB6B5}.Debug|Any CPU.ActiveCfg = Debug|Any CPU
		{C719D9AD-7724-47B7-90B7-20EF3C8EB6B5}.Debug|Any CPU.Build.0 = Debug|Any CPU
		{C719D9AD-7724-47B7-90B7-20EF3C8EB6B5}.Release|Any CPU.ActiveCfg = Release|Any CPU
		{C719D9AD-7724-47B7-90B7-20EF3C8EB6B5}.Release|Any CPU.Build.0 = Release|Any CPU
	EndGlobalSection
	GlobalSection(SolutionProperties) = preSolution
		HideSolutionNode = FALSE
	EndGlobalSection
	GlobalSection(ExtensibilityGlobals) = postSolution
		SolutionGuid = {6D764FDA-37C5-46AC-AA87-A10D44C1FC63}
	EndGlobalSection
EndGlobal
